
Microsoft Visual Studio Solution File, Format Version 12.00
# Visual Studio Version 17
VisualStudioVersion = 17.13.35931.197 d17.13
MinimumVisualStudioVersion = 10.0.40219.1
Project("{FAE04EC0-301F-11D3-BF4B-00C04F79EFBC}") = "TaskManagerAppFinal", "TaskManagerAppFinal\TaskManagerAppFinal.csproj", "{9BEDE831-434F-4996-8E1E-4C327F9D4B2D}"
EndProject
Global
	GlobalSection(SolutionConfigurationPlatforms) = preSolution
		Debug|Any CPU = Debug|Any CPU
		Release|Any CPU = Release|Any CPU
	EndGlobalSection
	GlobalSection(ProjectConfigurationPlatforms) = postSolution
		{9BEDE831-434F-4996-8E1E-4C327F9D4B2D}.Debug|Any CPU.ActiveCfg = Debug|Any CPU
		{9BEDE831-434F-4996-8E1E-4C327F9D4B2D}.Debug|Any CPU.Build.0 = Debug|Any CPU
		{9BEDE831-434F-4996-8E1E-4C327F9D4B2D}.Release|Any CPU.ActiveCfg = Release|Any CPU
		{9BEDE831-434F-4996-8E1E-4C327F9D4B2D}.Release|Any CPU.Build.0 = Release|Any CPU
	EndGlobalSection
	GlobalSection(SolutionProperties) = preSolution
		HideSolutionNode = FALSE
	EndGlobalSection
	GlobalSection(ExtensibilityGlobals) = postSolution
		SolutionGuid = {A674E83D-E5C3-40DE-8164-2AA8E325AF05}
	EndGlobalSection
EndGlobal
