
Microsoft Visual Studio Solution File, Format Version 12.00
# Visual Studio Version 17
VisualStudioVersion = 17.13.35931.197 d17.13
MinimumVisualStudioVersion = 10.0.40219.1
Project("{FAE04EC0-301F-11D3-BF4B-00C04F79EFBC}") = "TaskManager", "TaskManager\TaskManager.csproj", "{5394B123-6C93-4BB7-A39D-F03B714DA241}"
EndProject
Global
	GlobalSection(SolutionConfigurationPlatforms) = preSolution
		Debug|Any CPU = Debug|Any CPU
		Release|Any CPU = Release|Any CPU
	EndGlobalSection
	GlobalSection(ProjectConfigurationPlatforms) = postSolution
		{5394B123-6C93-4BB7-A39D-F03B714DA241}.Debug|Any CPU.ActiveCfg = Debug|Any CPU
		{5394B123-6C93-4BB7-A39D-F03B714DA241}.Debug|Any CPU.Build.0 = Debug|Any CPU
		{5394B123-6C93-4BB7-A39D-F03B714DA241}.Release|Any CPU.ActiveCfg = Release|Any CPU
		{5394B123-6C93-4BB7-A39D-F03B714DA241}.Release|Any CPU.Build.0 = Release|Any CPU
	EndGlobalSection
	GlobalSection(SolutionProperties) = preSolution
		HideSolutionNode = FALSE
	EndGlobalSection
	GlobalSection(ExtensibilityGlobals) = postSolution
		SolutionGuid = {5EBBF9ED-BD68-4C13-AC98-C097C912C7E9}
	EndGlobalSection
EndGlobal
